// !$*UTF8*$!
{
	archiveVersion = 1;
	classes = {
	};
	objectVersion = 46;
	objects = {

/* Begin PBXBuildFile section */
		6FD3FF2F1AEE9646007F3746 /* main.cpp in Sources */ = {isa = PBXBuildFile; fileRef = 6FD3FF2E1AEE9646007F3746 /* main.cpp */; };
/* End PBXBuildFile section */

/* Begin PBXCopyFilesBuildPhase section */
		6FD3FF291AEE9646007F3746 /* CopyFiles */ = {
			isa = PBXCopyFilesBuildPhase;
			buildActionMask = 2147483647;
			dstPath = /usr/share/man/man1/;
			dstSubfolderSpec = 0;
			files = (
			);
			runOnlyForDeploymentPostprocessing = 1;
		};
/* End PBXCopyFilesBuildPhase section */

/* Begin PBXFileReference section */
		6FD3FF2B1AEE9646007F3746 /* SqStack */ = {isa = PBXFileReference; explicitFileType = "compiled.mach-o.executable"; includeInIndex = 0; path = SqStack; sourceTree = BUILT_PRODUCTS_DIR; };
		6FD3FF2E1AEE9646007F3746 /* main.cpp */ = {isa = PBXFileReference; lastKnownFileType = sourcecode.cpp.cpp; path = main.cpp; sourceTree = "<group>"; };
		6FD3FF351AEE965B007F3746 /* SqStack.h */ = {isa = PBXFileReference; lastKnownFileType = sourcecode.c.h; path = SqStack.h; sourceTree = "<group>"; };
		6FD3FF361AEE9674007F3746 /* Header.h */ = {isa = PBXFileReference; lastKnownFileType = sourcecode.c.h; path = Header.h; sourceTree = "<group>"; };
/* End PBXFileReference section */

/* Begin PBXFrameworksBuildPhase section */
		6FD3FF281AEE9646007F3746 /* Frameworks */ = {
			isa = PBXFrameworksBuildPhase;
			buildActionMask = 2147483647;
			files = (
			);
			runOnlyForDeploymentPostprocessing = 0;
		};
/* End PBXFrameworksBuildPhase section */

/* Begin PBXGroup section */
		6FD3FF221AEE9646007F3746 = {
			isa = PBXGroup;
			children = (
				6FD3FF2D1AEE9646007F3746 /* SqStack */,
				6FD3FF2C1AEE9646007F3746 /* Products */,
			);
			sourceTree = "<group>";
		};
		6FD3FF2C1AEE9646007F3746 /* Products */ = {
			isa = PBXGroup;
			children = (
				6FD3FF2B1AEE9646007F3746 /* SqStack */,
			);
			name = Products;
			sourceTree = "<group>";
		};
		6FD3FF2D1AEE9646007F3746 /* SqStack */ = {
			isa = PBXGroup;
			children = (
				6FD3FF2E1AEE9646007F3746 /* main.cpp */,
				6FD3FF351AEE965B007F3746 /* SqStack.h */,
				6FD3FF361AEE9674007F3746 /* Header.h */,
			);
			path = SqStack;
			sourceTree = "<group>";
		};
/* End PBXGroup section */

/* Begin PBXNativeTarget section */
		6FD3FF2A1AEE9646007F3746 /* SqStack */ = {
			isa = PBXNativeTarget;
			buildConfigurationList = 6FD3FF321AEE9646007F3746 /* Build configuration list for PBXNativeTarget "SqStack" */;
			buildPhases = (
				6FD3FF271AEE9646007F3746 /* Sources */,
				6FD3FF281AEE9646007F3746 /* Frameworks */,
				6FD3FF291AEE9646007F3746 /* CopyFiles */,
			);
			buildRules = (
			);
			dependencies = (
			);
			name = SqStack;
			productName = SqStack;
			productReference = 6FD3FF2B1AEE9646007F3746 /* SqStack */;
			productType = "com.apple.product-type.tool";
		};
/* End PBXNativeTarget section */

/* Begin PBXProject section */
		6FD3FF231AEE9646007F3746 /* Project object */ = {
			isa = PBXProject;
			attributes = {
				LastUpgradeCheck = 0610;
				ORGANIZATIONNAME = "木木同学";
				TargetAttributes = {
					6FD3FF2A1AEE9646007F3746 = {
						CreatedOnToolsVersion = 6.1.1;
					};
				};
			};
			buildConfigurationList = 6FD3FF261AEE9646007F3746 /* Build configuration list for PBXProject "SqStack" */;
			compatibilityVersion = "Xcode 3.2";
			developmentRegion = English;
			hasScannedForEncodings = 0;
			knownRegions = (
				en,
			);
			mainGroup = 6FD3FF221AEE9646007F3746;
			productRefGroup = 6FD3FF2C1AEE9646007F3746 /* Products */;
			projectDirPath = "";
			projectRoot = "";
			targets = (
				6FD3FF2A1AEE9646007F3746 /* SqStack */,
			);
		};
/* End PBXProject section */

/* Begin PBXSourcesBuildPhase section */
		6FD3FF271AEE9646007F3746 /* Sources */ = {
			isa = PBXSourcesBuildPhase;
			buildActionMask = 2147483647;
			files = (
				6FD3FF2F1AEE9646007F3746 /* main.cpp in Sources */,
			);
			runOnlyForDeploymentPostprocessing = 0;
		};
/* End PBXSourcesBuildPhase section */

/* Begin XCBuildConfiguration section */
		6FD3FF301AEE9646007F3746 /* Debug */ = {
			isa = XCBuildConfiguration;
			buildSettings = {
				ALWAYS_SEARCH_USER_PATHS = NO;
				CLANG_CXX_LANGUAGE_STANDARD = "gnu++0x";
				CLANG_CXX_LIBRARY = "libc++";
				CLANG_ENABLE_MODULES = YES;
				CLANG_ENABLE_OBJC_ARC = YES;
				CLANG_WARN_BOOL_CONVERSION = YES;
				CLANG_WARN_CONSTANT_CONVERSION = YES;
				CLANG_WARN_DIRECT_OBJC_ISA_USAGE = YES_ERROR;
				CLANG_WARN_EMPTY_BODY = YES;
				CLANG_WARN_ENUM_CONVERSION = YES;
				CLANG_WARN_INT_CONVERSION = YES;
				CLANG_WARN_OBJC_ROOT_CLASS = YES_ERROR;
				CLANG_WARN_UNREACHABLE_CODE = YES;
				CLANG_WARN__DUPLICATE_METHOD_MATCH = YES;
				COPY_PHASE_STRIP = NO;
				ENABLE_STRICT_OBJC_MSGSEND = YES;
				GCC_C_LANGUAGE_STANDARD = gnu99;
				GCC_DYNAMIC_NO_PIC = NO;
				GCC_OPTIMIZATION_LEVEL = 0;
				GCC_PREPROCESSOR_DEFINITIONS = (
					"DEBUG=1",
					"$(inherited)",
				);
				GCC_SYMBOLS_PRIVATE_EXTERN = NO;
				GCC_WARN_64_TO_32_BIT_CONVERSION = YES;
				GCC_WARN_ABOUT_RETURN_TYPE = YES_ERROR;
				GCC_WARN_UNDECLARED_SELECTOR = YES;
				GCC_WARN_UNINITIALIZED_AUTOS = YES_AGGRESSIVE;
				GCC_WARN_UNUSED_FUNCTION = YES;
				GCC_WARN_UNUSED_VARIABLE = YES;
				MACOSX_DEPLOYMENT_TARGET = 10.10;
				MTL_ENABLE_DEBUG_INFO = YES;
				ONLY_ACTIVE_ARCH = YES;
				SDKROOT = macosx;
			};
			name = Debug;
		};
		6FD3FF311AEE9646007F3746 /* Release */ = {
			isa = XCBuildConfiguration;
			buildSettings = {
				ALWAYS_SEARCH_USER_PATHS = NO;
				CLANG_CXX_LANGUAGE_STANDARD = "gnu++0x";
				CLANG_CXX_LIBRARY = "libc++";
				CLANG_ENABLE_MODULES = YES;
				CLANG_ENABLE_OBJC_ARC = YES;
				CLANG_WARN_BOOL_CONVERSION = YES;
				CLANG_WARN_CONSTANT_CONVERSION = YES;
				CLANG_WARN_DIRECT_OBJC_ISA_USAGE = YES_ERROR;
				CLANG_WARN_EMPTY_BODY = YES;
				CLANG_WARN_ENUM_CONVERSION = YES;
				CLANG_WARN_INT_CONVERSION = YES;
				CLANG_WARN_OBJC_ROOT_CLASS = YES_ERROR;
				CLANG_WARN_UNREACHABLE_CODE = YES;
				CLANG_WARN__DUPLICATE_METHOD_MATCH = YES;
				COPY_PHASE_STRIP = YES;
				DEBUG_INFORMATION_FORMAT = "dwarf-with-dsym";
				ENABLE_NS_ASSERTIONS = NO;
				ENABLE_STRICT_OBJC_MSGSEND = YES;
				GCC_C_LANGUAGE_STANDARD = gnu99;
				GCC_WARN_64_TO_32_BIT_CONVERSION = YES;
				GCC_WARN_ABOUT_RETURN_TYPE = YES_ERROR;
				GCC_WARN_UNDECLARED_SELECTOR = YES;
				GCC_WARN_UNINITIALIZED_AUTOS = YES_AGGRESSIVE;
				GCC_WARN_UNUSED_FUNCTION = YES;
				GCC_WARN_UNUSED_VARIABLE = YES;
				MACOSX_DEPLOYMENT_TARGET = 10.10;
				MTL_ENABLE_DEBUG_INFO = NO;
				SDKROOT = macosx;
			};
			name = Release;
		};
		6FD3FF331AEE9646007F3746 /* Debug */ = {
			isa = XCBuildConfiguration;
			buildSettings = {
				PRODUCT_NAME = "$(TARGET_NAME)";
			};
			name = Debug;
		};
		6FD3FF341AEE9646007F3746 /* Release */ = {
			isa = XCBuildConfiguration;
			buildSettings = {
				PRODUCT_NAME = "$(TARGET_NAME)";
			};
			name = Release;
		};
/* End XCBuildConfiguration section */

/* Begin XCConfigurationList section */
		6FD3FF261AEE9646007F3746 /* Build configuration list for PBXProject "SqStack" */ = {
			isa = XCConfigurationList;
			buildConfigurations = (
				6FD3FF301AEE9646007F3746 /* Debug */,
				6FD3FF311AEE9646007F3746 /* Release */,
			);
			defaultConfigurationIsVisible = 0;
			defaultConfigurationName = Release;
		};
		6FD3FF321AEE9646007F3746 /* Build configuration list for PBXNativeTarget "SqStack" */ = {
			isa = XCConfigurationList;
			buildConfigurations = (
				6FD3FF331AEE9646007F3746 /* Debug */,
				6FD3FF341AEE9646007F3746 /* Release */,
			);
			defaultConfigurationIsVisible = 0;
		};
/* End XCConfigurationList section */
	};
	rootObject = 6FD3FF231AEE9646007F3746 /* Project object */;
}
